// !$*UTF8*$!
{
	archiveVersion = 1;
	classes = {
	};
	objectVersion = 46;
	objects = {

/* Begin PBXBuildFile section */
		580037F71EE3E3B200A19465 /* main.m in Sources */ = {isa = PBXBuildFile; fileRef = 580037F61EE3E3B200A19465 /* main.m */; };
		580037FA1EE3E3B200A19465 /* AppDelegate.m in Sources */ = {isa = PBXBuildFile; fileRef = 580037F91EE3E3B200A19465 /* AppDelegate.m */; };
		580038031EE3E3B200A19465 /* Main.storyboard in Resources */ = {isa = PBXBuildFile; fileRef = 580038011EE3E3B200A19465 /* Main.storyboard */; };
		580038051EE3E3B200A19465 /* Assets.xcassets in Resources */ = {isa = PBXBuildFile; fileRef = 580038041EE3E3B200A19465 /* Assets.xcassets */; };
		580038081EE3E3B200A19465 /* LaunchScreen.storyboard in Resources */ = {isa = PBXBuildFile; fileRef = 580038061EE3E3B200A19465 /* LaunchScreen.storyboard */; };
		580038111EE3E59A00A19465 /* VAKTask.m in Sources */ = {isa = PBXBuildFile; fileRef = 580038101EE3E59A00A19465 /* VAKTask.m */; };
		580038191EE3E63500A19465 /* VAKInboxViewController.m in Sources */ = {isa = PBXBuildFile; fileRef = 580038181EE3E63500A19465 /* VAKInboxViewController.m */; };
		5800381C1EE3E65700A19465 /* VAKToDoListViewController.m in Sources */ = {isa = PBXBuildFile; fileRef = 5800381B1EE3E65700A19465 /* VAKToDoListViewController.m */; };
		5800381F1EE3E67100A19465 /* VAKSearchViewController.m in Sources */ = {isa = PBXBuildFile; fileRef = 5800381E1EE3E67100A19465 /* VAKSearchViewController.m */; };
		580038221EE3E69400A19465 /* VAKTodayViewController.m in Sources */ = {isa = PBXBuildFile; fileRef = 580038211EE3E69400A19465 /* VAKTodayViewController.m */; };
		580038291EE3EF7D00A19465 /* VAKAddTaskController.m in Sources */ = {isa = PBXBuildFile; fileRef = 580038271EE3EF7D00A19465 /* VAKAddTaskController.m */; };
		5800382A1EE3EF7D00A19465 /* VAKAddTaskController.xib in Resources */ = {isa = PBXBuildFile; fileRef = 580038281EE3EF7D00A19465 /* VAKAddTaskController.xib */; };
		580862CF1EFAE9C800FF9E23 /* VAKNSDate+Formatters.m in Sources */ = {isa = PBXBuildFile; fileRef = 580862CE1EFAE9C800FF9E23 /* VAKNSDate+Formatters.m */; };
		5896F3A41EE5327400E64890 /* VAKTaskService.m in Sources */ = {isa = PBXBuildFile; fileRef = 5896F3A31EE5327400E64890 /* VAKTaskService.m */; };
		5897A5A81EF079DB001905B8 /* VAKAddProjectViewController.m in Sources */ = {isa = PBXBuildFile; fileRef = 5897A5A71EF079DB001905B8 /* VAKAddProjectViewController.m */; };
		58A17CA01EEDB28E00C023E2 /* VAKTaskNameCell.m in Sources */ = {isa = PBXBuildFile; fileRef = 58A17C9E1EEDB28E00C023E2 /* VAKTaskNameCell.m */; };
		58A17CA11EEDB28E00C023E2 /* VAKTaskNameCell.xib in Resources */ = {isa = PBXBuildFile; fileRef = 58A17C9F1EEDB28E00C023E2 /* VAKTaskNameCell.xib */; };
		58A17CA51EEDB33A00C023E2 /* VAKRemindCell.m in Sources */ = {isa = PBXBuildFile; fileRef = 58A17CA31EEDB33A00C023E2 /* VAKRemindCell.m */; };
		58A17CA61EEDB33A00C023E2 /* VAKRemindCell.xib in Resources */ = {isa = PBXBuildFile; fileRef = 58A17CA41EEDB33A00C023E2 /* VAKRemindCell.xib */; };
		58A17CAA1EEDB44B00C023E2 /* VAKDateCell.m in Sources */ = {isa = PBXBuildFile; fileRef = 58A17CA81EEDB44B00C023E2 /* VAKDateCell.m */; };
		58A17CAB1EEDB44B00C023E2 /* VAKDateCell.xib in Resources */ = {isa = PBXBuildFile; fileRef = 58A17CA91EEDB44B00C023E2 /* VAKDateCell.xib */; };
		58A17CAF1EEDB91300C023E2 /* VAKNotesCell.m in Sources */ = {isa = PBXBuildFile; fileRef = 58A17CAD1EEDB91300C023E2 /* VAKNotesCell.m */; };
		58A17CB01EEDB91300C023E2 /* VAKNotesCell.xib in Resources */ = {isa = PBXBuildFile; fileRef = 58A17CAE1EEDB91300C023E2 /* VAKNotesCell.xib */; };
		58A17CB41EEDC26600C023E2 /* VAKPriorityCell.m in Sources */ = {isa = PBXBuildFile; fileRef = 58A17CB21EEDC26600C023E2 /* VAKPriorityCell.m */; };
		58A17CB51EEDC26600C023E2 /* VAKPriorityCell.xib in Resources */ = {isa = PBXBuildFile; fileRef = 58A17CB31EEDC26600C023E2 /* VAKPriorityCell.xib */; };
		58BFD9021EEA74CA003897F4 /* VAKCustumCell.m in Sources */ = {isa = PBXBuildFile; fileRef = 58BFD9001EEA74CA003897F4 /* VAKCustumCell.m */; };
		58BFD9031EEA74CA003897F4 /* VAKCustumCell.xib in Resources */ = {isa = PBXBuildFile; fileRef = 58BFD9011EEA74CA003897F4 /* VAKCustumCell.xib */; };
		58C936D41EE44D5800970D40 /* VAKSelectDateController.m in Sources */ = {isa = PBXBuildFile; fileRef = 58C936D21EE44D5800970D40 /* VAKSelectDateController.m */; };
		58C936D51EE44D5800970D40 /* VAKSelectDateController.xib in Resources */ = {isa = PBXBuildFile; fileRef = 58C936D31EE44D5800970D40 /* VAKSelectDateController.xib */; };
		58E8F1E71EFD1F5700E72463 /* VAKToDoList.m in Sources */ = {isa = PBXBuildFile; fileRef = 58E8F1E61EFD1F5700E72463 /* VAKToDoList.m */; };
/* End PBXBuildFile section */

/* Begin PBXFileReference section */
		580037F21EE3E3B200A19465 /* ToDoList.app */ = {isa = PBXFileReference; explicitFileType = wrapper.application; includeInIndex = 0; path = ToDoList.app; sourceTree = BUILT_PRODUCTS_DIR; };
		580037F61EE3E3B200A19465 /* main.m */ = {isa = PBXFileReference; lastKnownFileType = sourcecode.c.objc; path = main.m; sourceTree = "<group>"; };
		580037F81EE3E3B200A19465 /* AppDelegate.h */ = {isa = PBXFileReference; lastKnownFileType = sourcecode.c.h; path = AppDelegate.h; sourceTree = "<group>"; };
		580037F91EE3E3B200A19465 /* AppDelegate.m */ = {isa = PBXFileReference; lastKnownFileType = sourcecode.c.objc; path = AppDelegate.m; sourceTree = "<group>"; };
		580038021EE3E3B200A19465 /* Base */ = {isa = PBXFileReference; lastKnownFileType = file.storyboard; name = Base; path = Base.lproj/Main.storyboard; sourceTree = "<group>"; };
		580038041EE3E3B200A19465 /* Assets.xcassets */ = {isa = PBXFileReference; lastKnownFileType = folder.assetcatalog; path = Assets.xcassets; sourceTree = "<group>"; };
		580038071EE3E3B200A19465 /* Base */ = {isa = PBXFileReference; lastKnownFileType = file.storyboard; name = Base; path = Base.lproj/LaunchScreen.storyboard; sourceTree = "<group>"; };
		580038091EE3E3B200A19465 /* Info.plist */ = {isa = PBXFileReference; lastKnownFileType = text.plist.xml; path = Info.plist; sourceTree = "<group>"; };
		5800380F1EE3E59A00A19465 /* VAKTask.h */ = {isa = PBXFileReference; fileEncoding = 4; lastKnownFileType = sourcecode.c.h; path = VAKTask.h; sourceTree = "<group>"; };
		580038101EE3E59A00A19465 /* VAKTask.m */ = {isa = PBXFileReference; fileEncoding = 4; lastKnownFileType = sourcecode.c.objc; path = VAKTask.m; sourceTree = "<group>"; };
		580038171EE3E63500A19465 /* VAKInboxViewController.h */ = {isa = PBXFileReference; fileEncoding = 4; lastKnownFileType = sourcecode.c.h; path = VAKInboxViewController.h; sourceTree = "<group>"; };
		580038181EE3E63500A19465 /* VAKInboxViewController.m */ = {isa = PBXFileReference; fileEncoding = 4; lastKnownFileType = sourcecode.c.objc; path = VAKInboxViewController.m; sourceTree = "<group>"; };
		5800381A1EE3E65700A19465 /* VAKToDoListViewController.h */ = {isa = PBXFileReference; fileEncoding = 4; lastKnownFileType = sourcecode.c.h; path = VAKToDoListViewController.h; sourceTree = "<group>"; };
		5800381B1EE3E65700A19465 /* VAKToDoListViewController.m */ = {isa = PBXFileReference; fileEncoding = 4; lastKnownFileType = sourcecode.c.objc; path = VAKToDoListViewController.m; sourceTree = "<group>"; };
		5800381D1EE3E67100A19465 /* VAKSearchViewController.h */ = {isa = PBXFileReference; fileEncoding = 4; lastKnownFileType = sourcecode.c.h; path = VAKSearchViewController.h; sourceTree = "<group>"; };
		5800381E1EE3E67100A19465 /* VAKSearchViewController.m */ = {isa = PBXFileReference; fileEncoding = 4; lastKnownFileType = sourcecode.c.objc; path = VAKSearchViewController.m; sourceTree = "<group>"; };
		580038201EE3E69400A19465 /* VAKTodayViewController.h */ = {isa = PBXFileReference; fileEncoding = 4; lastKnownFileType = sourcecode.c.h; path = VAKTodayViewController.h; sourceTree = "<group>"; };
		580038211EE3E69400A19465 /* VAKTodayViewController.m */ = {isa = PBXFileReference; fileEncoding = 4; lastKnownFileType = sourcecode.c.objc; path = VAKTodayViewController.m; sourceTree = "<group>"; };
		580038261EE3EF7D00A19465 /* VAKAddTaskController.h */ = {isa = PBXFileReference; fileEncoding = 4; lastKnownFileType = sourcecode.c.h; path = VAKAddTaskController.h; sourceTree = "<group>"; };
		580038271EE3EF7D00A19465 /* VAKAddTaskController.m */ = {isa = PBXFileReference; fileEncoding = 4; lastKnownFileType = sourcecode.c.objc; path = VAKAddTaskController.m; sourceTree = "<group>"; };
		580038281EE3EF7D00A19465 /* VAKAddTaskController.xib */ = {isa = PBXFileReference; fileEncoding = 4; lastKnownFileType = file.xib; path = VAKAddTaskController.xib; sourceTree = "<group>"; };
		580862CD1EFAE9C800FF9E23 /* VAKNSDate+Formatters.h */ = {isa = PBXFileReference; fileEncoding = 4; lastKnownFileType = sourcecode.c.h; path = "VAKNSDate+Formatters.h"; sourceTree = "<group>"; };
		580862CE1EFAE9C800FF9E23 /* VAKNSDate+Formatters.m */ = {isa = PBXFileReference; fileEncoding = 4; lastKnownFileType = sourcecode.c.objc; path = "VAKNSDate+Formatters.m"; sourceTree = "<group>"; };
		5870F2721EE95C31007A69B0 /* Constants.h */ = {isa = PBXFileReference; lastKnownFileType = sourcecode.c.h; path = Constants.h; sourceTree = "<group>"; };
		5896F3A21EE5327400E64890 /* VAKTaskService.h */ = {isa = PBXFileReference; fileEncoding = 4; lastKnownFileType = sourcecode.c.h; path = VAKTaskService.h; sourceTree = "<group>"; };
		5896F3A31EE5327400E64890 /* VAKTaskService.m */ = {isa = PBXFileReference; fileEncoding = 4; lastKnownFileType = sourcecode.c.objc; path = VAKTaskService.m; sourceTree = "<group>"; };
		5897A5A61EF079DB001905B8 /* VAKAddProjectViewController.h */ = {isa = PBXFileReference; fileEncoding = 4; lastKnownFileType = sourcecode.c.h; path = VAKAddProjectViewController.h; sourceTree = "<group>"; };
		5897A5A71EF079DB001905B8 /* VAKAddProjectViewController.m */ = {isa = PBXFileReference; fileEncoding = 4; lastKnownFileType = sourcecode.c.objc; path = VAKAddProjectViewController.m; sourceTree = "<group>"; };
		58A17C9D1EEDB28E00C023E2 /* VAKTaskNameCell.h */ = {isa = PBXFileReference; fileEncoding = 4; lastKnownFileType = sourcecode.c.h; path = VAKTaskNameCell.h; sourceTree = "<group>"; };
		58A17C9E1EEDB28E00C023E2 /* VAKTaskNameCell.m */ = {isa = PBXFileReference; fileEncoding = 4; lastKnownFileType = sourcecode.c.objc; path = VAKTaskNameCell.m; sourceTree = "<group>"; };
		58A17C9F1EEDB28E00C023E2 /* VAKTaskNameCell.xib */ = {isa = PBXFileReference; fileEncoding = 4; lastKnownFileType = file.xib; path = VAKTaskNameCell.xib; sourceTree = "<group>"; };
		58A17CA21EEDB33A00C023E2 /* VAKRemindCell.h */ = {isa = PBXFileReference; fileEncoding = 4; lastKnownFileType = sourcecode.c.h; path = VAKRemindCell.h; sourceTree = "<group>"; };
		58A17CA31EEDB33A00C023E2 /* VAKRemindCell.m */ = {isa = PBXFileReference; fileEncoding = 4; lastKnownFileType = sourcecode.c.objc; path = VAKRemindCell.m; sourceTree = "<group>"; };
		58A17CA41EEDB33A00C023E2 /* VAKRemindCell.xib */ = {isa = PBXFileReference; fileEncoding = 4; lastKnownFileType = file.xib; path = VAKRemindCell.xib; sourceTree = "<group>"; };
		58A17CA71EEDB44B00C023E2 /* VAKDateCell.h */ = {isa = PBXFileReference; fileEncoding = 4; lastKnownFileType = sourcecode.c.h; path = VAKDateCell.h; sourceTree = "<group>"; };
		58A17CA81EEDB44B00C023E2 /* VAKDateCell.m */ = {isa = PBXFileReference; fileEncoding = 4; lastKnownFileType = sourcecode.c.objc; path = VAKDateCell.m; sourceTree = "<group>"; };
		58A17CA91EEDB44B00C023E2 /* VAKDateCell.xib */ = {isa = PBXFileReference; fileEncoding = 4; lastKnownFileType = file.xib; path = VAKDateCell.xib; sourceTree = "<group>"; };
		58A17CAC1EEDB91300C023E2 /* VAKNotesCell.h */ = {isa = PBXFileReference; fileEncoding = 4; lastKnownFileType = sourcecode.c.h; path = VAKNotesCell.h; sourceTree = "<group>"; };
		58A17CAD1EEDB91300C023E2 /* VAKNotesCell.m */ = {isa = PBXFileReference; fileEncoding = 4; lastKnownFileType = sourcecode.c.objc; path = VAKNotesCell.m; sourceTree = "<group>"; };
		58A17CAE1EEDB91300C023E2 /* VAKNotesCell.xib */ = {isa = PBXFileReference; fileEncoding = 4; lastKnownFileType = file.xib; path = VAKNotesCell.xib; sourceTree = "<group>"; };
		58A17CB11EEDC26600C023E2 /* VAKPriorityCell.h */ = {isa = PBXFileReference; fileEncoding = 4; lastKnownFileType = sourcecode.c.h; path = VAKPriorityCell.h; sourceTree = "<group>"; };
		58A17CB21EEDC26600C023E2 /* VAKPriorityCell.m */ = {isa = PBXFileReference; fileEncoding = 4; lastKnownFileType = sourcecode.c.objc; path = VAKPriorityCell.m; sourceTree = "<group>"; };
		58A17CB31EEDC26600C023E2 /* VAKPriorityCell.xib */ = {isa = PBXFileReference; fileEncoding = 4; lastKnownFileType = file.xib; path = VAKPriorityCell.xib; sourceTree = "<group>"; };
		58BFD8FF1EEA74CA003897F4 /* VAKCustumCell.h */ = {isa = PBXFileReference; fileEncoding = 4; lastKnownFileType = sourcecode.c.h; path = VAKCustumCell.h; sourceTree = "<group>"; };
		58BFD9001EEA74CA003897F4 /* VAKCustumCell.m */ = {isa = PBXFileReference; fileEncoding = 4; lastKnownFileType = sourcecode.c.objc; path = VAKCustumCell.m; sourceTree = "<group>"; };
		58BFD9011EEA74CA003897F4 /* VAKCustumCell.xib */ = {isa = PBXFileReference; fileEncoding = 4; lastKnownFileType = file.xib; path = VAKCustumCell.xib; sourceTree = "<group>"; };
		58C936D11EE44D5800970D40 /* VAKSelectDateController.h */ = {isa = PBXFileReference; fileEncoding = 4; lastKnownFileType = sourcecode.c.h; path = VAKSelectDateController.h; sourceTree = "<group>"; };
		58C936D21EE44D5800970D40 /* VAKSelectDateController.m */ = {isa = PBXFileReference; fileEncoding = 4; lastKnownFileType = sourcecode.c.objc; path = VAKSelectDateController.m; sourceTree = "<group>"; };
		58C936D31EE44D5800970D40 /* VAKSelectDateController.xib */ = {isa = PBXFileReference; fileEncoding = 4; lastKnownFileType = file.xib; path = VAKSelectDateController.xib; sourceTree = "<group>"; };
		58E8F1E51EFD1F5700E72463 /* VAKToDoList.h */ = {isa = PBXFileReference; fileEncoding = 4; lastKnownFileType = sourcecode.c.h; path = VAKToDoList.h; sourceTree = "<group>"; };
		58E8F1E61EFD1F5700E72463 /* VAKToDoList.m */ = {isa = PBXFileReference; fileEncoding = 4; lastKnownFileType = sourcecode.c.objc; path = VAKToDoList.m; sourceTree = "<group>"; };
/* End PBXFileReference section */

/* Begin PBXFrameworksBuildPhase section */
		580037EF1EE3E3B100A19465 /* Frameworks */ = {
			isa = PBXFrameworksBuildPhase;
			buildActionMask = 2147483647;
			files = (
			);
			runOnlyForDeploymentPostprocessing = 0;
		};
/* End PBXFrameworksBuildPhase section */

/* Begin PBXGroup section */
		580037E91EE3E3B100A19465 = {
			isa = PBXGroup;
			children = (
				580037F41EE3E3B200A19465 /* ToDoList */,
				580037F31EE3E3B200A19465 /* Products */,
			);
			sourceTree = "<group>";
		};
		580037F31EE3E3B200A19465 /* Products */ = {
			isa = PBXGroup;
			children = (
				580037F21EE3E3B200A19465 /* ToDoList.app */,
			);
			name = Products;
			sourceTree = "<group>";
		};
		580037F41EE3E3B200A19465 /* ToDoList */ = {
			isa = PBXGroup;
			children = (
				58D1CF581EFAE9090080F61C /* Helpers */,
				5870F2731EE95C3F007A69B0 /* Constants */,
				580038251EE3EF5000A19465 /* View */,
				580038161EE3E5E600A19465 /* Controller */,
				580038121EE3E5A200A19465 /* Model */,
				580037F81EE3E3B200A19465 /* AppDelegate.h */,
				580037F91EE3E3B200A19465 /* AppDelegate.m */,
				580038011EE3E3B200A19465 /* Main.storyboard */,
				580038041EE3E3B200A19465 /* Assets.xcassets */,
				580038061EE3E3B200A19465 /* LaunchScreen.storyboard */,
				580038091EE3E3B200A19465 /* Info.plist */,
				580037F51EE3E3B200A19465 /* Supporting Files */,
			);
			path = ToDoList;
			sourceTree = "<group>";
		};
		580037F51EE3E3B200A19465 /* Supporting Files */ = {
			isa = PBXGroup;
			children = (
				580037F61EE3E3B200A19465 /* main.m */,
			);
			name = "Supporting Files";
			sourceTree = "<group>";
		};
		580038121EE3E5A200A19465 /* Model */ = {
			isa = PBXGroup;
			children = (
				58E8F1E51EFD1F5700E72463 /* VAKToDoList.h */,
				58E8F1E61EFD1F5700E72463 /* VAKToDoList.m */,
				5800380F1EE3E59A00A19465 /* VAKTask.h */,
				580038101EE3E59A00A19465 /* VAKTask.m */,
				5896F3A21EE5327400E64890 /* VAKTaskService.h */,
				5896F3A31EE5327400E64890 /* VAKTaskService.m */,
			);
			name = Model;
			sourceTree = "<group>";
		};
		580038161EE3E5E600A19465 /* Controller */ = {
			isa = PBXGroup;
			children = (
				580038171EE3E63500A19465 /* VAKInboxViewController.h */,
				580038181EE3E63500A19465 /* VAKInboxViewController.m */,
				5800381A1EE3E65700A19465 /* VAKToDoListViewController.h */,
				5800381B1EE3E65700A19465 /* VAKToDoListViewController.m */,
				5800381D1EE3E67100A19465 /* VAKSearchViewController.h */,
				5800381E1EE3E67100A19465 /* VAKSearchViewController.m */,
				580038201EE3E69400A19465 /* VAKTodayViewController.h */,
				580038211EE3E69400A19465 /* VAKTodayViewController.m */,
				5897A5A61EF079DB001905B8 /* VAKAddProjectViewController.h */,
				5897A5A71EF079DB001905B8 /* VAKAddProjectViewController.m */,
			);
			name = Controller;
			sourceTree = "<group>";
		};
		580038251EE3EF5000A19465 /* View */ = {
			isa = PBXGroup;
			children = (
				580038261EE3EF7D00A19465 /* VAKAddTaskController.h */,
				580038271EE3EF7D00A19465 /* VAKAddTaskController.m */,
				580038281EE3EF7D00A19465 /* VAKAddTaskController.xib */,
				58C936D11EE44D5800970D40 /* VAKSelectDateController.h */,
				58C936D21EE44D5800970D40 /* VAKSelectDateController.m */,
				58C936D31EE44D5800970D40 /* VAKSelectDateController.xib */,
				58BFD8FF1EEA74CA003897F4 /* VAKCustumCell.h */,
				58BFD9001EEA74CA003897F4 /* VAKCustumCell.m */,
				58BFD9011EEA74CA003897F4 /* VAKCustumCell.xib */,
				58A17C9D1EEDB28E00C023E2 /* VAKTaskNameCell.h */,
				58A17C9E1EEDB28E00C023E2 /* VAKTaskNameCell.m */,
				58A17C9F1EEDB28E00C023E2 /* VAKTaskNameCell.xib */,
				58A17CA21EEDB33A00C023E2 /* VAKRemindCell.h */,
				58A17CA31EEDB33A00C023E2 /* VAKRemindCell.m */,
				58A17CA41EEDB33A00C023E2 /* VAKRemindCell.xib */,
				58A17CA71EEDB44B00C023E2 /* VAKDateCell.h */,
				58A17CA81EEDB44B00C023E2 /* VAKDateCell.m */,
				58A17CA91EEDB44B00C023E2 /* VAKDateCell.xib */,
				58A17CAC1EEDB91300C023E2 /* VAKNotesCell.h */,
				58A17CAD1EEDB91300C023E2 /* VAKNotesCell.m */,
				58A17CAE1EEDB91300C023E2 /* VAKNotesCell.xib */,
				58A17CB11EEDC26600C023E2 /* VAKPriorityCell.h */,
				58A17CB21EEDC26600C023E2 /* VAKPriorityCell.m */,
				58A17CB31EEDC26600C023E2 /* VAKPriorityCell.xib */,
			);
			name = View;
			sourceTree = "<group>";
		};
		5870F2731EE95C3F007A69B0 /* Constants */ = {
			isa = PBXGroup;
			children = (
				5870F2721EE95C31007A69B0 /* Constants.h */,
			);
			name = Constants;
			sourceTree = "<group>";
		};
		58D1CF581EFAE9090080F61C /* Helpers */ = {
			isa = PBXGroup;
			children = (
				580862CD1EFAE9C800FF9E23 /* VAKNSDate+Formatters.h */,
				580862CE1EFAE9C800FF9E23 /* VAKNSDate+Formatters.m */,
			);
			name = Helpers;
			sourceTree = "<group>";
		};
/* End PBXGroup section */

/* Begin PBXNativeTarget section */
		580037F11EE3E3B100A19465 /* ToDoList */ = {
			isa = PBXNativeTarget;
			buildConfigurationList = 5800380C1EE3E3B200A19465 /* Build configuration list for PBXNativeTarget "ToDoList" */;
			buildPhases = (
				580037EE1EE3E3B100A19465 /* Sources */,
				580037EF1EE3E3B100A19465 /* Frameworks */,
				580037F01EE3E3B100A19465 /* Resources */,
			);
			buildRules = (
			);
			dependencies = (
			);
			name = ToDoList;
			productName = ToDoList;
			productReference = 580037F21EE3E3B200A19465 /* ToDoList.app */;
			productType = "com.apple.product-type.application";
		};
/* End PBXNativeTarget section */

/* Begin PBXProject section */
		580037EA1EE3E3B100A19465 /* Project object */ = {
			isa = PBXProject;
			attributes = {
				CLASSPREFIX = VAK;
				LastUpgradeCheck = 0830;
				ORGANIZATIONNAME = melanu1991;
				TargetAttributes = {
					580037F11EE3E3B100A19465 = {
						CreatedOnToolsVersion = 8.3.2;
						ProvisioningStyle = Automatic;
					};
				};
			};
			buildConfigurationList = 580037ED1EE3E3B100A19465 /* Build configuration list for PBXProject "ToDoList" */;
			compatibilityVersion = "Xcode 3.2";
			developmentRegion = English;
			hasScannedForEncodings = 0;
			knownRegions = (
				en,
				Base,
			);
			mainGroup = 580037E91EE3E3B100A19465;
			productRefGroup = 580037F31EE3E3B200A19465 /* Products */;
			projectDirPath = "";
			projectRoot = "";
			targets = (
				580037F11EE3E3B100A19465 /* ToDoList */,
			);
		};
/* End PBXProject section */

/* Begin PBXResourcesBuildPhase section */
		580037F01EE3E3B100A19465 /* Resources */ = {
			isa = PBXResourcesBuildPhase;
			buildActionMask = 2147483647;
			files = (
				58C936D51EE44D5800970D40 /* VAKSelectDateController.xib in Resources */,
				580038081EE3E3B200A19465 /* LaunchScreen.storyboard in Resources */,
				58A17CB51EEDC26600C023E2 /* VAKPriorityCell.xib in Resources */,
				580038051EE3E3B200A19465 /* Assets.xcassets in Resources */,
				58A17CA61EEDB33A00C023E2 /* VAKRemindCell.xib in Resources */,
				58BFD9031EEA74CA003897F4 /* VAKCustumCell.xib in Resources */,
				58A17CAB1EEDB44B00C023E2 /* VAKDateCell.xib in Resources */,
				58A17CB01EEDB91300C023E2 /* VAKNotesCell.xib in Resources */,
				580038031EE3E3B200A19465 /* Main.storyboard in Resources */,
				58A17CA11EEDB28E00C023E2 /* VAKTaskNameCell.xib in Resources */,
				5800382A1EE3EF7D00A19465 /* VAKAddTaskController.xib in Resources */,
			);
			runOnlyForDeploymentPostprocessing = 0;
		};
/* End PBXResourcesBuildPhase section */

/* Begin PBXSourcesBuildPhase section */
		580037EE1EE3E3B100A19465 /* Sources */ = {
			isa = PBXSourcesBuildPhase;
			buildActionMask = 2147483647;
			files = (
				58A17CB41EEDC26600C023E2 /* VAKPriorityCell.m in Sources */,
				580038111EE3E59A00A19465 /* VAKTask.m in Sources */,
				58BFD9021EEA74CA003897F4 /* VAKCustumCell.m in Sources */,
				5800381C1EE3E65700A19465 /* VAKToDoListViewController.m in Sources */,
				5896F3A41EE5327400E64890 /* VAKTaskService.m in Sources */,
				58A17CAF1EEDB91300C023E2 /* VAKNotesCell.m in Sources */,
				58A17CA01EEDB28E00C023E2 /* VAKTaskNameCell.m in Sources */,
				5897A5A81EF079DB001905B8 /* VAKAddProjectViewController.m in Sources */,
				58A17CAA1EEDB44B00C023E2 /* VAKDateCell.m in Sources */,
				580038291EE3EF7D00A19465 /* VAKAddTaskController.m in Sources */,
				580037FA1EE3E3B200A19465 /* AppDelegate.m in Sources */,
				5800381F1EE3E67100A19465 /* VAKSearchViewController.m in Sources */,
				580038221EE3E69400A19465 /* VAKTodayViewController.m in Sources */,
				580037F71EE3E3B200A19465 /* main.m in Sources */,
				58A17CA51EEDB33A00C023E2 /* VAKRemindCell.m in Sources */,
				58C936D41EE44D5800970D40 /* VAKSelectDateController.m in Sources */,
				580862CF1EFAE9C800FF9E23 /* VAKNSDate+Formatters.m in Sources */,
				58E8F1E71EFD1F5700E72463 /* VAKToDoList.m in Sources */,
				580038191EE3E63500A19465 /* VAKInboxViewController.m in Sources */,
			);
			runOnlyForDeploymentPostprocessing = 0;
		};
/* End PBXSourcesBuildPhase section */

/* Begin PBXVariantGroup section */
		580038011EE3E3B200A19465 /* Main.storyboard */ = {
			isa = PBXVariantGroup;
			children = (
				580038021EE3E3B200A19465 /* Base */,
			);
			name = Main.storyboard;
			sourceTree = "<group>";
		};
		580038061EE3E3B200A19465 /* LaunchScreen.storyboard */ = {
			isa = PBXVariantGroup;
			children = (
				580038071EE3E3B200A19465 /* Base */,
			);
			name = LaunchScreen.storyboard;
			sourceTree = "<group>";
		};
/* End PBXVariantGroup section */

/* Begin XCBuildConfiguration section */
		5800380A1EE3E3B200A19465 /* Debug */ = {
			isa = XCBuildConfiguration;
			buildSettings = {
				ALWAYS_SEARCH_USER_PATHS = NO;
				CLANG_ANALYZER_NONNULL = YES;
				CLANG_ANALYZER_NUMBER_OBJECT_CONVERSION = YES_AGGRESSIVE;
				CLANG_CXX_LANGUAGE_STANDARD = "gnu++0x";
				CLANG_CXX_LIBRARY = "libc++";
				CLANG_ENABLE_MODULES = YES;
				CLANG_ENABLE_OBJC_ARC = YES;
				CLANG_WARN_BOOL_CONVERSION = YES;
				CLANG_WARN_CONSTANT_CONVERSION = YES;
				CLANG_WARN_DIRECT_OBJC_ISA_USAGE = YES_ERROR;
				CLANG_WARN_DOCUMENTATION_COMMENTS = YES;
				CLANG_WARN_EMPTY_BODY = YES;
				CLANG_WARN_ENUM_CONVERSION = YES;
				CLANG_WARN_INFINITE_RECURSION = YES;
				CLANG_WARN_INT_CONVERSION = YES;
				CLANG_WARN_OBJC_ROOT_CLASS = YES_ERROR;
				CLANG_WARN_SUSPICIOUS_MOVE = YES;
				CLANG_WARN_UNREACHABLE_CODE = YES;
				CLANG_WARN__DUPLICATE_METHOD_MATCH = YES;
				"CODE_SIGN_IDENTITY[sdk=iphoneos*]" = "iPhone Developer";
				COPY_PHASE_STRIP = NO;
				DEBUG_INFORMATION_FORMAT = dwarf;
				ENABLE_STRICT_OBJC_MSGSEND = YES;
				ENABLE_TESTABILITY = YES;
				GCC_C_LANGUAGE_STANDARD = gnu99;
				GCC_DYNAMIC_NO_PIC = NO;
				GCC_NO_COMMON_BLOCKS = YES;
				GCC_OPTIMIZATION_LEVEL = 0;
				GCC_PREPROCESSOR_DEFINITIONS = (
					"DEBUG=1",
					"$(inherited)",
				);
				GCC_WARN_64_TO_32_BIT_CONVERSION = YES;
				GCC_WARN_ABOUT_RETURN_TYPE = YES_ERROR;
				GCC_WARN_UNDECLARED_SELECTOR = YES;
				GCC_WARN_UNINITIALIZED_AUTOS = YES_AGGRESSIVE;
				GCC_WARN_UNUSED_FUNCTION = YES;
				GCC_WARN_UNUSED_VARIABLE = YES;
				IPHONEOS_DEPLOYMENT_TARGET = 10.3;
				MTL_ENABLE_DEBUG_INFO = YES;
				ONLY_ACTIVE_ARCH = YES;
				SDKROOT = iphoneos;
			};
			name = Debug;
		};
		5800380B1EE3E3B200A19465 /* Release */ = {
			isa = XCBuildConfiguration;
			buildSettings = {
				ALWAYS_SEARCH_USER_PATHS = NO;
				CLANG_ANALYZER_NONNULL = YES;
				CLANG_ANALYZER_NUMBER_OBJECT_CONVERSION = YES_AGGRESSIVE;
				CLANG_CXX_LANGUAGE_STANDARD = "gnu++0x";
				CLANG_CXX_LIBRARY = "libc++";
				CLANG_ENABLE_MODULES = YES;
				CLANG_ENABLE_OBJC_ARC = YES;
				CLANG_WARN_BOOL_CONVERSION = YES;
				CLANG_WARN_CONSTANT_CONVERSION = YES;
				CLANG_WARN_DIRECT_OBJC_ISA_USAGE = YES_ERROR;
				CLANG_WARN_DOCUMENTATION_COMMENTS = YES;
				CLANG_WARN_EMPTY_BODY = YES;
				CLANG_WARN_ENUM_CONVERSION = YES;
				CLANG_WARN_INFINITE_RECURSION = YES;
				CLANG_WARN_INT_CONVERSION = YES;
				CLANG_WARN_OBJC_ROOT_CLASS = YES_ERROR;
				CLANG_WARN_SUSPICIOUS_MOVE = YES;
				CLANG_WARN_UNREACHABLE_CODE = YES;
				CLANG_WARN__DUPLICATE_METHOD_MATCH = YES;
				"CODE_SIGN_IDENTITY[sdk=iphoneos*]" = "iPhone Developer";
				COPY_PHASE_STRIP = NO;
				DEBUG_INFORMATION_FORMAT = "dwarf-with-dsym";
				ENABLE_NS_ASSERTIONS = NO;
				ENABLE_STRICT_OBJC_MSGSEND = YES;
				GCC_C_LANGUAGE_STANDARD = gnu99;
				GCC_NO_COMMON_BLOCKS = YES;
				GCC_WARN_64_TO_32_BIT_CONVERSION = YES;
				GCC_WARN_ABOUT_RETURN_TYPE = YES_ERROR;
				GCC_WARN_UNDECLARED_SELECTOR = YES;
				GCC_WARN_UNINITIALIZED_AUTOS = YES_AGGRESSIVE;
				GCC_WARN_UNUSED_FUNCTION = YES;
				GCC_WARN_UNUSED_VARIABLE = YES;
				IPHONEOS_DEPLOYMENT_TARGET = 10.3;
				MTL_ENABLE_DEBUG_INFO = NO;
				SDKROOT = iphoneos;
				VALIDATE_PRODUCT = YES;
			};
			name = Release;
		};
		5800380D1EE3E3B200A19465 /* Debug */ = {
			isa = XCBuildConfiguration;
			buildSettings = {
				ASSETCATALOG_COMPILER_APPICON_NAME = AppIcon;
				INFOPLIST_FILE = ToDoList/Info.plist;
				IPHONEOS_DEPLOYMENT_TARGET = 9.3;
				LD_RUNPATH_SEARCH_PATHS = "$(inherited) @executable_path/Frameworks";
				PRODUCT_BUNDLE_IDENTIFIER = VAK.ToDoList;
				PRODUCT_NAME = "$(TARGET_NAME)";
			};
			name = Debug;
		};
		5800380E1EE3E3B200A19465 /* Release */ = {
			isa = XCBuildConfiguration;
			buildSettings = {
				ASSETCATALOG_COMPILER_APPICON_NAME = AppIcon;
				INFOPLIST_FILE = ToDoList/Info.plist;
				IPHONEOS_DEPLOYMENT_TARGET = 9.3;
				LD_RUNPATH_SEARCH_PATHS = "$(inherited) @executable_path/Frameworks";
				PRODUCT_BUNDLE_IDENTIFIER = VAK.ToDoList;
				PRODUCT_NAME = "$(TARGET_NAME)";
			};
			name = Release;
		};
/* End XCBuildConfiguration section */

/* Begin XCConfigurationList section */
		580037ED1EE3E3B100A19465 /* Build configuration list for PBXProject "ToDoList" */ = {
			isa = XCConfigurationList;
			buildConfigurations = (
				5800380A1EE3E3B200A19465 /* Debug */,
				5800380B1EE3E3B200A19465 /* Release */,
			);
			defaultConfigurationIsVisible = 0;
			defaultConfigurationName = Release;
		};
		5800380C1EE3E3B200A19465 /* Build configuration list for PBXNativeTarget "ToDoList" */ = {
			isa = XCConfigurationList;
			buildConfigurations = (
				5800380D1EE3E3B200A19465 /* Debug */,
				5800380E1EE3E3B200A19465 /* Release */,
			);
			defaultConfigurationIsVisible = 0;
			defaultConfigurationName = Release;
		};
/* End XCConfigurationList section */
	};
	rootObject = 580037EA1EE3E3B100A19465 /* Project object */;
}
